
Microsoft Visual Studio Solution File, Format Version 12.00
# Visual Studio Version 17
VisualStudioVersion = 17.2.32526.322
MinimumVisualStudioVersion = 10.0.40219.1
Project("{FAE04EC0-301F-11D3-BF4B-00C04F79EFBC}") = "Connexion BD SQL Server", "Connexion BD SQL Server.csproj", "{43EF3B2E-2F6B-41F8-8B57-A4C267520093}"
EndProject
Project("{54435603-DBB4-11D2-8724-00A0C9A8B90C}") = "WebGestionEtu", "..\WebGestionEtu\WebGestionEtu.vdproj", "{2926A52C-ACA4-426A-A69B-5EFDCE006764}"
EndProject
Project("{54435603-DBB4-11D2-8724-00A0C9A8B90C}") = "setupetu", "..\setupetu\setupetu.vdproj", "{BA10E4FA-F5DE-46F8-B810-6D8E946CBF00}"
EndProject
Global
	GlobalSection(SolutionConfigurationPlatforms) = preSolution
		Debug|Any CPU = Debug|Any CPU
		Release|Any CPU = Release|Any CPU
	EndGlobalSection
	GlobalSection(ProjectConfigurationPlatforms) = postSolution
		{43EF3B2E-2F6B-41F8-8B57-A4C267520093}.Debug|Any CPU.ActiveCfg = Debug|Any CPU
		{43EF3B2E-2F6B-41F8-8B57-A4C267520093}.Debug|Any CPU.Build.0 = Debug|Any CPU
		{43EF3B2E-2F6B-41F8-8B57-A4C267520093}.Release|Any CPU.ActiveCfg = Release|Any CPU
		{43EF3B2E-2F6B-41F8-8B57-A4C267520093}.Release|Any CPU.Build.0 = Release|Any CPU
		{2926A52C-ACA4-426A-A69B-5EFDCE006764}.Debug|Any CPU.ActiveCfg = Debug
		{2926A52C-ACA4-426A-A69B-5EFDCE006764}.Release|Any CPU.ActiveCfg = Release
		{BA10E4FA-F5DE-46F8-B810-6D8E946CBF00}.Debug|Any CPU.ActiveCfg = Debug
		{BA10E4FA-F5DE-46F8-B810-6D8E946CBF00}.Release|Any CPU.ActiveCfg = Release
	EndGlobalSection
	GlobalSection(SolutionProperties) = preSolution
		HideSolutionNode = FALSE
	EndGlobalSection
	GlobalSection(ExtensibilityGlobals) = postSolution
		SolutionGuid = {D7C5E64F-0969-4112-B417-E9687B7F49DD}
	EndGlobalSection
EndGlobal
